// !$*UTF8*$!
{
	archiveVersion = 1;
	classes = {
	};
	objectVersion = 77;
	objects = {

/* Begin PBXContainerItemProxy section */
		ECDF1D142D0745F700866DFA /* PBXContainerItemProxy */ = {
			isa = PBXContainerItemProxy;
			containerPortal = ECDF1CFA2D0745F600866DFA /* Project object */;
			proxyType = 1;
			remoteGlobalIDString = ECDF1D012D0745F600866DFA;
			remoteInfo = ProControlerForMac;
		};
		ECDF1D1E2D0745F700866DFA /* PBXContainerItemProxy */ = {
			isa = PBXContainerItemProxy;
			containerPortal = ECDF1CFA2D0745F600866DFA /* Project object */;
			proxyType = 1;
			remoteGlobalIDString = ECDF1D012D0745F600866DFA;
			remoteInfo = ProControlerForMac;
		};
/* End PBXContainerItemProxy section */

/* Begin PBXFileReference section */
		ECDF1D022D0745F600866DFA /* ProControlerForMac.app */ = {isa = PBXFileReference; explicitFileType = wrapper.application; includeInIndex = 0; path = ProControlerForMac.app; sourceTree = BUILT_PRODUCTS_DIR; };
		ECDF1D132D0745F700866DFA /* ProControlerForMacTests.xctest */ = {isa = PBXFileReference; explicitFileType = wrapper.cfbundle; includeInIndex = 0; path = ProControlerForMacTests.xctest; sourceTree = BUILT_PRODUCTS_DIR; };
		ECDF1D1D2D0745F700866DFA /* ProControlerForMacUITests.xctest */ = {isa = PBXFileReference; explicitFileType = wrapper.cfbundle; includeInIndex = 0; path = ProControlerForMacUITests.xctest; sourceTree = BUILT_PRODUCTS_DIR; };
/* End PBXFileReference section */

/* Begin PBXFileSystemSynchronizedRootGroup section */
		ECDF1D042D0745F600866DFA /* ProControlerForMac */ = {
			isa = PBXFileSystemSynchronizedRootGroup;
			path = ProControlerForMac;
			sourceTree = "<group>";
		};
		ECDF1D162D0745F700866DFA /* ProControlerForMacTests */ = {
			isa = PBXFileSystemSynchronizedRootGroup;
			path = ProControlerForMacTests;
			sourceTree = "<group>";
		};
		ECDF1D202D0745F700866DFA /* ProControlerForMacUITests */ = {
			isa = PBXFileSystemSynchronizedRootGroup;
			path = ProControlerForMacUITests;
			sourceTree = "<group>";
		};
/* End PBXFileSystemSynchronizedRootGroup section */

/* Begin PBXFrameworksBuildPhase section */
		ECDF1CFF2D0745F600866DFA /* Frameworks */ = {
			isa = PBXFrameworksBuildPhase;
			buildActionMask = 2147483647;
			files = (
			);
			runOnlyForDeploymentPostprocessing = 0;
		};
		ECDF1D102D0745F700866DFA /* Frameworks */ = {
			isa = PBXFrameworksBuildPhase;
			buildActionMask = 2147483647;
			files = (
			);
			runOnlyForDeploymentPostprocessing = 0;
		};
		ECDF1D1A2D0745F700866DFA /* Frameworks */ = {
			isa = PBXFrameworksBuildPhase;
			buildActionMask = 2147483647;
			files = (
			);
			runOnlyForDeploymentPostprocessing = 0;
		};
/* End PBXFrameworksBuildPhase section */

/* Begin PBXGroup section */
		ECDF1CF92D0745F600866DFA = {
			isa = PBXGroup;
			children = (
				ECDF1D042D0745F600866DFA /* ProControlerForMac */,
				ECDF1D162D0745F700866DFA /* ProControlerForMacTests */,
				ECDF1D202D0745F700866DFA /* ProControlerForMacUITests */,
				ECDF1D032D0745F600866DFA /* Products */,
			);
			sourceTree = "<group>";
		};
		ECDF1D032D0745F600866DFA /* Products */ = {
			isa = PBXGroup;
			children = (
				ECDF1D022D0745F600866DFA /* ProControlerForMac.app */,
				ECDF1D132D0745F700866DFA /* ProControlerForMacTests.xctest */,
				ECDF1D1D2D0745F700866DFA /* ProControlerForMacUITests.xctest */,
			);
			name = Products;
			sourceTree = "<group>";
		};
/* End PBXGroup section */

/* Begin PBXNativeTarget section */
		ECDF1D012D0745F600866DFA /* ProControlerForMac */ = {
			isa = PBXNativeTarget;
			buildConfigurationList = ECDF1D272D0745F700866DFA /* Build configuration list for PBXNativeTarget "ProControlerForMac" */;
			buildPhases = (
				ECDF1CFE2D0745F600866DFA /* Sources */,
				ECDF1CFF2D0745F600866DFA /* Frameworks */,
				ECDF1D002D0745F600866DFA /* Resources */,
			);
			buildRules = (
			);
			dependencies = (
			);
			fileSystemSynchronizedGroups = (
				ECDF1D042D0745F600866DFA /* ProControlerForMac */,
			);
			name = ProControlerForMac;
			packageProductDependencies = (
			);
			productName = ProControlerForMac;
			productReference = ECDF1D022D0745F600866DFA /* ProControlerForMac.app */;
			productType = "com.apple.product-type.application";
		};
		ECDF1D122D0745F700866DFA /* ProControlerForMacTests */ = {
			isa = PBXNativeTarget;
			buildConfigurationList = ECDF1D2A2D0745F700866DFA /* Build configuration list for PBXNativeTarget "ProControlerForMacTests" */;
			buildPhases = (
				ECDF1D0F2D0745F700866DFA /* Sources */,
				ECDF1D102D0745F700866DFA /* Frameworks */,
				ECDF1D112D0745F700866DFA /* Resources */,
			);
			buildRules = (
			);
			dependencies = (
				ECDF1D152D0745F700866DFA /* PBXTargetDependency */,
			);
			fileSystemSynchronizedGroups = (
				ECDF1D162D0745F700866DFA /* ProControlerForMacTests */,
			);
			name = ProControlerForMacTests;
			packageProductDependencies = (
			);
			productName = ProControlerForMacTests;
			productReference = ECDF1D132D0745F700866DFA /* ProControlerForMacTests.xctest */;
			productType = "com.apple.product-type.bundle.unit-test";
		};
		ECDF1D1C2D0745F700866DFA /* ProControlerForMacUITests */ = {
			isa = PBXNativeTarget;
			buildConfigurationList = ECDF1D2D2D0745F700866DFA /* Build configuration list for PBXNativeTarget "ProControlerForMacUITests" */;
			buildPhases = (
				ECDF1D192D0745F700866DFA /* Sources */,
				ECDF1D1A2D0745F700866DFA /* Frameworks */,
				ECDF1D1B2D0745F700866DFA /* Resources */,
			);
			buildRules = (
			);
			dependencies = (
				ECDF1D1F2D0745F700866DFA /* PBXTargetDependency */,
			);
			fileSystemSynchronizedGroups = (
				ECDF1D202D0745F700866DFA /* ProControlerForMacUITests */,
			);
			name = ProControlerForMacUITests;
			packageProductDependencies = (
			);
			productName = ProControlerForMacUITests;
			productReference = ECDF1D1D2D0745F700866DFA /* ProControlerForMacUITests.xctest */;
			productType = "com.apple.product-type.bundle.ui-testing";
		};
/* End PBXNativeTarget section */

/* Begin PBXProject section */
		ECDF1CFA2D0745F600866DFA /* Project object */ = {
			isa = PBXProject;
			attributes = {
				BuildIndependentTargetsInParallel = 1;
				LastSwiftUpdateCheck = 1610;
				LastUpgradeCheck = 1610;
				TargetAttributes = {
					ECDF1D012D0745F600866DFA = {
						CreatedOnToolsVersion = 16.1;
					};
					ECDF1D122D0745F700866DFA = {
						CreatedOnToolsVersion = 16.1;
						TestTargetID = ECDF1D012D0745F600866DFA;
					};
					ECDF1D1C2D0745F700866DFA = {
						CreatedOnToolsVersion = 16.1;
						TestTargetID = ECDF1D012D0745F600866DFA;
					};
				};
			};
			buildConfigurationList = ECDF1CFD2D0745F600866DFA /* Build configuration list for PBXProject "ProControlerForMac" */;
			developmentRegion = en;
			hasScannedForEncodings = 0;
			knownRegions = (
				en,
				Base,
			);
			mainGroup = ECDF1CF92D0745F600866DFA;
			minimizedProjectReferenceProxies = 1;
			preferredProjectObjectVersion = 77;
			productRefGroup = ECDF1D032D0745F600866DFA /* Products */;
			projectDirPath = "";
			projectRoot = "";
			targets = (
				ECDF1D012D0745F600866DFA /* ProControlerForMac */,
				ECDF1D122D0745F700866DFA /* ProControlerForMacTests */,
				ECDF1D1C2D0745F700866DFA /* ProControlerForMacUITests */,
			);
		};
/* End PBXProject section */

/* Begin PBXResourcesBuildPhase section */
		ECDF1D002D0745F600866DFA /* Resources */ = {
			isa = PBXResourcesBuildPhase;
			buildActionMask = 2147483647;
			files = (
			);
			runOnlyForDeploymentPostprocessing = 0;
		};
		ECDF1D112D0745F700866DFA /* Resources */ = {
			isa = PBXResourcesBuildPhase;
			buildActionMask = 2147483647;
			files = (
			);
			runOnlyForDeploymentPostprocessing = 0;
		};
		ECDF1D1B2D0745F700866DFA /* Resources */ = {
			isa = PBXResourcesBuildPhase;
			buildActionMask = 2147483647;
			files = (
			);
			runOnlyForDeploymentPostprocessing = 0;
		};
/* End PBXResourcesBuildPhase section */

/* Begin PBXSourcesBuildPhase section */
		ECDF1CFE2D0745F600866DFA /* Sources */ = {
			isa = PBXSourcesBuildPhase;
			buildActionMask = 2147483647;
			files = (
			);
			runOnlyForDeploymentPostprocessing = 0;
		};
		ECDF1D0F2D0745F700866DFA /* Sources */ = {
			isa = PBXSourcesBuildPhase;
			buildActionMask = 2147483647;
			files = (
			);
			runOnlyForDeploymentPostprocessing = 0;
		};
		ECDF1D192D0745F700866DFA /* Sources */ = {
			isa = PBXSourcesBuildPhase;
			buildActionMask = 2147483647;
			files = (
			);
			runOnlyForDeploymentPostprocessing = 0;
		};
/* End PBXSourcesBuildPhase section */

/* Begin PBXTargetDependency section */
		ECDF1D152D0745F700866DFA /* PBXTargetDependency */ = {
			isa = PBXTargetDependency;
			target = ECDF1D012D0745F600866DFA /* ProControlerForMac */;
			targetProxy = ECDF1D142D0745F700866DFA /* PBXContainerItemProxy */;
		};
		ECDF1D1F2D0745F700866DFA /* PBXTargetDependency */ = {
			isa = PBXTargetDependency;
			target = ECDF1D012D0745F600866DFA /* ProControlerForMac */;
			targetProxy = ECDF1D1E2D0745F700866DFA /* PBXContainerItemProxy */;
		};
/* End PBXTargetDependency section */

/* Begin XCBuildConfiguration section */
		ECDF1D252D0745F700866DFA /* Debug */ = {
			isa = XCBuildConfiguration;
			buildSettings = {
				ALWAYS_SEARCH_USER_PATHS = NO;
				ASSETCATALOG_COMPILER_GENERATE_SWIFT_ASSET_SYMBOL_EXTENSIONS = YES;
				CLANG_ANALYZER_NONNULL = YES;
				CLANG_ANALYZER_NUMBER_OBJECT_CONVERSION = YES_AGGRESSIVE;
				CLANG_CXX_LANGUAGE_STANDARD = "gnu++20";
				CLANG_ENABLE_MODULES = YES;
				CLANG_ENABLE_OBJC_ARC = YES;
				CLANG_ENABLE_OBJC_WEAK = YES;
				CLANG_WARN_BLOCK_CAPTURE_AUTORELEASING = YES;
				CLANG_WARN_BOOL_CONVERSION = YES;
				CLANG_WARN_COMMA = YES;
				CLANG_WARN_CONSTANT_CONVERSION = YES;
				CLANG_WARN_DEPRECATED_OBJC_IMPLEMENTATIONS = YES;
				CLANG_WARN_DIRECT_OBJC_ISA_USAGE = YES_ERROR;
				CLANG_WARN_DOCUMENTATION_COMMENTS = YES;
				CLANG_WARN_EMPTY_BODY = YES;
				CLANG_WARN_ENUM_CONVERSION = YES;
				CLANG_WARN_INFINITE_RECURSION = YES;
				CLANG_WARN_INT_CONVERSION = YES;
				CLANG_WARN_NON_LITERAL_NULL_CONVERSION = YES;
				CLANG_WARN_OBJC_IMPLICIT_RETAIN_SELF = YES;
				CLANG_WARN_OBJC_LITERAL_CONVERSION = YES;
				CLANG_WARN_OBJC_ROOT_CLASS = YES_ERROR;
				CLANG_WARN_QUOTED_INCLUDE_IN_FRAMEWORK_HEADER = YES;
				CLANG_WARN_RANGE_LOOP_ANALYSIS = YES;
				CLANG_WARN_STRICT_PROTOTYPES = YES;
				CLANG_WARN_SUSPICIOUS_MOVE = YES;
				CLANG_WARN_UNGUARDED_AVAILABILITY = YES_AGGRESSIVE;
				CLANG_WARN_UNREACHABLE_CODE = YES;
				CLANG_WARN__DUPLICATE_METHOD_MATCH = YES;
				COPY_PHASE_STRIP = NO;
				DEBUG_INFORMATION_FORMAT = dwarf;
				ENABLE_STRICT_OBJC_MSGSEND = YES;
				ENABLE_TESTABILITY = YES;
				ENABLE_USER_SCRIPT_SANDBOXING = YES;
				GCC_C_LANGUAGE_STANDARD = gnu17;
				GCC_DYNAMIC_NO_PIC = NO;
				GCC_NO_COMMON_BLOCKS = YES;
				GCC_OPTIMIZATION_LEVEL = 0;
				GCC_PREPROCESSOR_DEFINITIONS = (
					"DEBUG=1",
					"$(inherited)",
				);
				GCC_WARN_64_TO_32_BIT_CONVERSION = YES;
				GCC_WARN_ABOUT_RETURN_TYPE = YES_ERROR;
				GCC_WARN_UNDECLARED_SELECTOR = YES;
				GCC_WARN_UNINITIALIZED_AUTOS = YES_AGGRESSIVE;
				GCC_WARN_UNUSED_FUNCTION = YES;
				GCC_WARN_UNUSED_VARIABLE = YES;
				LOCALIZATION_PREFERS_STRING_CATALOGS = YES;
				MACOSX_DEPLOYMENT_TARGET = 15.0;
				MTL_ENABLE_DEBUG_INFO = INCLUDE_SOURCE;
				MTL_FAST_MATH = YES;
				ONLY_ACTIVE_ARCH = YES;
				SDKROOT = macosx;
				SWIFT_ACTIVE_COMPILATION_CONDITIONS = "DEBUG $(inherited)";
				SWIFT_OPTIMIZATION_LEVEL = "-Onone";
			};
			name = Debug;
		};
		ECDF1D262D0745F700866DFA /* Release */ = {
			isa = XCBuildConfiguration;
			buildSettings = {
				ALWAYS_SEARCH_USER_PATHS = NO;
				ASSETCATALOG_COMPILER_GENERATE_SWIFT_ASSET_SYMBOL_EXTENSIONS = YES;
				CLANG_ANALYZER_NONNULL = YES;
				CLANG_ANALYZER_NUMBER_OBJECT_CONVERSION = YES_AGGRESSIVE;
				CLANG_CXX_LANGUAGE_STANDARD = "gnu++20";
				CLANG_ENABLE_MODULES = YES;
				CLANG_ENABLE_OBJC_ARC = YES;
				CLANG_ENABLE_OBJC_WEAK = YES;
				CLANG_WARN_BLOCK_CAPTURE_AUTORELEASING = YES;
				CLANG_WARN_BOOL_CONVERSION = YES;
				CLANG_WARN_COMMA = YES;
				CLANG_WARN_CONSTANT_CONVERSION = YES;
				CLANG_WARN_DEPRECATED_OBJC_IMPLEMENTATIONS = YES;
				CLANG_WARN_DIRECT_OBJC_ISA_USAGE = YES_ERROR;
				CLANG_WARN_DOCUMENTATION_COMMENTS = YES;
				CLANG_WARN_EMPTY_BODY = YES;
				CLANG_WARN_ENUM_CONVERSION = YES;
				CLANG_WARN_INFINITE_RECURSION = YES;
				CLANG_WARN_INT_CONVERSION = YES;
				CLANG_WARN_NON_LITERAL_NULL_CONVERSION = YES;
				CLANG_WARN_OBJC_IMPLICIT_RETAIN_SELF = YES;
				CLANG_WARN_OBJC_LITERAL_CONVERSION = YES;
				CLANG_WARN_OBJC_ROOT_CLASS = YES_ERROR;
				CLANG_WARN_QUOTED_INCLUDE_IN_FRAMEWORK_HEADER = YES;
				CLANG_WARN_RANGE_LOOP_ANALYSIS = YES;
				CLANG_WARN_STRICT_PROTOTYPES = YES;
				CLANG_WARN_SUSPICIOUS_MOVE = YES;
				CLANG_WARN_UNGUARDED_AVAILABILITY = YES_AGGRESSIVE;
				CLANG_WARN_UNREACHABLE_CODE = YES;
				CLANG_WARN__DUPLICATE_METHOD_MATCH = YES;
				COPY_PHASE_STRIP = NO;
				DEBUG_INFORMATION_FORMAT = "dwarf-with-dsym";
				ENABLE_NS_ASSERTIONS = NO;
				ENABLE_STRICT_OBJC_MSGSEND = YES;
				ENABLE_USER_SCRIPT_SANDBOXING = YES;
				GCC_C_LANGUAGE_STANDARD = gnu17;
				GCC_NO_COMMON_BLOCKS = YES;
				GCC_WARN_64_TO_32_BIT_CONVERSION = YES;
				GCC_WARN_ABOUT_RETURN_TYPE = YES_ERROR;
				GCC_WARN_UNDECLARED_SELECTOR = YES;
				GCC_WARN_UNINITIALIZED_AUTOS = YES_AGGRESSIVE;
				GCC_WARN_UNUSED_FUNCTION = YES;
				GCC_WARN_UNUSED_VARIABLE = YES;
				LOCALIZATION_PREFERS_STRING_CATALOGS = YES;
				MACOSX_DEPLOYMENT_TARGET = 15.0;
				MTL_ENABLE_DEBUG_INFO = NO;
				MTL_FAST_MATH = YES;
				SDKROOT = macosx;
				SWIFT_COMPILATION_MODE = wholemodule;
			};
			name = Release;
		};
		ECDF1D282D0745F700866DFA /* Debug */ = {
			isa = XCBuildConfiguration;
			buildSettings = {
				ASSETCATALOG_COMPILER_APPICON_NAME = AppIcon;
				ASSETCATALOG_COMPILER_GLOBAL_ACCENT_COLOR_NAME = AccentColor;
				CODE_SIGN_ENTITLEMENTS = ProControlerForMac/ProControlerForMac.entitlements;
				CODE_SIGN_STYLE = Automatic;
				COMBINE_HIDPI_IMAGES = YES;
				CURRENT_PROJECT_VERSION = 1;
				DEVELOPMENT_ASSET_PATHS = "\"ProControlerForMac/Preview Content\"";
				DEVELOPMENT_TEAM = K6CP3MSN8S;
				ENABLE_HARDENED_RUNTIME = YES;
				ENABLE_PREVIEWS = YES;
				GENERATE_INFOPLIST_FILE = YES;
				INFOPLIST_KEY_LSUIElement = YES;
				INFOPLIST_KEY_NSHumanReadableCopyright = "";
				LD_RUNPATH_SEARCH_PATHS = (
					"$(inherited)",
					"@executable_path/../Frameworks",
				);
				MARKETING_VERSION = 1.0;
				PRODUCT_BUNDLE_IDENTIFIER = com.gmail.hk.kazuki.hayashi.ProControlerForMac;
				PRODUCT_NAME = "$(TARGET_NAME)";
				SWIFT_EMIT_LOC_STRINGS = YES;
				SWIFT_VERSION = 5.0;
			};
			name = Debug;
		};
		ECDF1D292D0745F700866DFA /* Release */ = {
			isa = XCBuildConfiguration;
			buildSettings = {
				ASSETCATALOG_COMPILER_APPICON_NAME = AppIcon;
				ASSETCATALOG_COMPILER_GLOBAL_ACCENT_COLOR_NAME = AccentColor;
				CODE_SIGN_ENTITLEMENTS = ProControlerForMac/ProControlerForMac.entitlements;
				CODE_SIGN_STYLE = Automatic;
				COMBINE_HIDPI_IMAGES = YES;
				CURRENT_PROJECT_VERSION = 1;
				DEVELOPMENT_ASSET_PATHS = "\"ProControlerForMac/Preview Content\"";
				DEVELOPMENT_TEAM = K6CP3MSN8S;
				ENABLE_HARDENED_RUNTIME = YES;
				ENABLE_PREVIEWS = YES;
				GENERATE_INFOPLIST_FILE = YES;
				INFOPLIST_KEY_LSUIElement = YES;
				INFOPLIST_KEY_NSHumanReadableCopyright = "";
				LD_RUNPATH_SEARCH_PATHS = (
					"$(inherited)",
					"@executable_path/../Frameworks",
				);
				MARKETING_VERSION = 1.0;
				PRODUCT_BUNDLE_IDENTIFIER = com.gmail.hk.kazuki.hayashi.ProControlerForMac;
				PRODUCT_NAME = "$(TARGET_NAME)";
				SWIFT_EMIT_LOC_STRINGS = YES;
				SWIFT_VERSION = 5.0;
			};
			name = Release;
		};
		ECDF1D2B2D0745F700866DFA /* Debug */ = {
			isa = XCBuildConfiguration;
			buildSettings = {
				BUNDLE_LOADER = "$(TEST_HOST)";
				CODE_SIGN_STYLE = Automatic;
				CURRENT_PROJECT_VERSION = 1;
				DEVELOPMENT_TEAM = K6CP3MSN8S;
				GENERATE_INFOPLIST_FILE = YES;
				MACOSX_DEPLOYMENT_TARGET = 15.0;
				MARKETING_VERSION = 1.0;
				PRODUCT_BUNDLE_IDENTIFIER = com.gmail.hk.kazuki.hayashi.ProControlerForMacTests;
				PRODUCT_NAME = "$(TARGET_NAME)";
				SWIFT_EMIT_LOC_STRINGS = NO;
				SWIFT_VERSION = 5.0;
				TEST_HOST = "$(BUILT_PRODUCTS_DIR)/ProControlerForMac.app/$(BUNDLE_EXECUTABLE_FOLDER_PATH)/ProControlerForMac";
			};
			name = Debug;
		};
		ECDF1D2C2D0745F700866DFA /* Release */ = {
			isa = XCBuildConfiguration;
			buildSettings = {
				BUNDLE_LOADER = "$(TEST_HOST)";
				CODE_SIGN_STYLE = Automatic;
				CURRENT_PROJECT_VERSION = 1;
				DEVELOPMENT_TEAM = K6CP3MSN8S;
				GENERATE_INFOPLIST_FILE = YES;
				MACOSX_DEPLOYMENT_TARGET = 15.0;
				MARKETING_VERSION = 1.0;
				PRODUCT_BUNDLE_IDENTIFIER = com.gmail.hk.kazuki.hayashi.ProControlerForMacTests;
				PRODUCT_NAME = "$(TARGET_NAME)";
				SWIFT_EMIT_LOC_STRINGS = NO;
				SWIFT_VERSION = 5.0;
				TEST_HOST = "$(BUILT_PRODUCTS_DIR)/ProControlerForMac.app/$(BUNDLE_EXECUTABLE_FOLDER_PATH)/ProControlerForMac";
			};
			name = Release;
		};
		ECDF1D2E2D0745F700866DFA /* Debug */ = {
			isa = XCBuildConfiguration;
			buildSettings = {
				CODE_SIGN_STYLE = Automatic;
				CURRENT_PROJECT_VERSION = 1;
				DEVELOPMENT_TEAM = K6CP3MSN8S;
				GENERATE_INFOPLIST_FILE = YES;
				MARKETING_VERSION = 1.0;
				PRODUCT_BUNDLE_IDENTIFIER = com.gmail.hk.kazuki.hayashi.ProControlerForMacUITests;
				PRODUCT_NAME = "$(TARGET_NAME)";
				SWIFT_EMIT_LOC_STRINGS = NO;
				SWIFT_VERSION = 5.0;
				TEST_TARGET_NAME = ProControlerForMac;
			};
			name = Debug;
		};
		ECDF1D2F2D0745F700866DFA /* Release */ = {
			isa = XCBuildConfiguration;
			buildSettings = {
				CODE_SIGN_STYLE = Automatic;
				CURRENT_PROJECT_VERSION = 1;
				DEVELOPMENT_TEAM = K6CP3MSN8S;
				GENERATE_INFOPLIST_FILE = YES;
				MARKETING_VERSION = 1.0;
				PRODUCT_BUNDLE_IDENTIFIER = com.gmail.hk.kazuki.hayashi.ProControlerForMacUITests;
				PRODUCT_NAME = "$(TARGET_NAME)";
				SWIFT_EMIT_LOC_STRINGS = NO;
				SWIFT_VERSION = 5.0;
				TEST_TARGET_NAME = ProControlerForMac;
			};
			name = Release;
		};
/* End XCBuildConfiguration section */

/* Begin XCConfigurationList section */
		ECDF1CFD2D0745F600866DFA /* Build configuration list for PBXProject "ProControlerForMac" */ = {
			isa = XCConfigurationList;
			buildConfigurations = (
				ECDF1D252D0745F700866DFA /* Debug */,
				ECDF1D262D0745F700866DFA /* Release */,
			);
			defaultConfigurationIsVisible = 0;
			defaultConfigurationName = Release;
		};
		ECDF1D272D0745F700866DFA /* Build configuration list for PBXNativeTarget "ProControlerForMac" */ = {
			isa = XCConfigurationList;
			buildConfigurations = (
				ECDF1D282D0745F700866DFA /* Debug */,
				ECDF1D292D0745F700866DFA /* Release */,
			);
			defaultConfigurationIsVisible = 0;
			defaultConfigurationName = Release;
		};
		ECDF1D2A2D0745F700866DFA /* Build configuration list for PBXNativeTarget "ProControlerForMacTests" */ = {
			isa = XCConfigurationList;
			buildConfigurations = (
				ECDF1D2B2D0745F700866DFA /* Debug */,
				ECDF1D2C2D0745F700866DFA /* Release */,
			);
			defaultConfigurationIsVisible = 0;
			defaultConfigurationName = Release;
		};
		ECDF1D2D2D0745F700866DFA /* Build configuration list for PBXNativeTarget "ProControlerForMacUITests" */ = {
			isa = XCConfigurationList;
			buildConfigurations = (
				ECDF1D2E2D0745F700866DFA /* Debug */,
				ECDF1D2F2D0745F700866DFA /* Release */,
			);
			defaultConfigurationIsVisible = 0;
			defaultConfigurationName = Release;
		};
/* End XCConfigurationList section */
	};
	rootObject = ECDF1CFA2D0745F600866DFA /* Project object */;
}
